// !$*UTF8*$!
{
	archiveVersion = 1;
	classes = {
	};
	objectVersion = 46;
	objects = {

/* Begin PBXBuildFile section */
		A2F147801965CCC200A16DC5 /* Foundation.framework in Frameworks */ = {isa = PBXBuildFile; fileRef = A2F1477F1965CCC200A16DC5 /* Foundation.framework */; };
		A2F147821965CCC200A16DC5 /* CoreGraphics.framework in Frameworks */ = {isa = PBXBuildFile; fileRef = A2F147811965CCC200A16DC5 /* CoreGraphics.framework */; };
		A2F147841965CCC200A16DC5 /* UIKit.framework in Frameworks */ = {isa = PBXBuildFile; fileRef = A2F147831965CCC200A16DC5 /* UIKit.framework */; };
		A2F1478A1965CCC200A16DC5 /* InfoPlist.strings in Resources */ = {isa = PBXBuildFile; fileRef = A2F147881965CCC200A16DC5 /* InfoPlist.strings */; };
		A2F1478C1965CCC200A16DC5 /* main.m in Sources */ = {isa = PBXBuildFile; fileRef = A2F1478B1965CCC200A16DC5 /* main.m */; };
		A2F147901965CCC200A16DC5 /* FitHeartAppDelegate.m in Sources */ = {isa = PBXBuildFile; fileRef = A2F1478F1965CCC200A16DC5 /* FitHeartAppDelegate.m */; };
		A2F147931965CCC200A16DC5 /* Main.storyboard in Resources */ = {isa = PBXBuildFile; fileRef = A2F147911965CCC200A16DC5 /* Main.storyboard */; };
		A2F147961965CCC200A16DC5 /* FitHeartViewController.m in Sources */ = {isa = PBXBuildFile; fileRef = A2F147951965CCC200A16DC5 /* FitHeartViewController.m */; };
		A2F147981965CCC200A16DC5 /* Images.xcassets in Resources */ = {isa = PBXBuildFile; fileRef = A2F147971965CCC200A16DC5 /* Images.xcassets */; };
		A2F1479F1965CCC200A16DC5 /* XCTest.framework in Frameworks */ = {isa = PBXBuildFile; fileRef = A2F1479E1965CCC200A16DC5 /* XCTest.framework */; };
		A2F147A01965CCC200A16DC5 /* Foundation.framework in Frameworks */ = {isa = PBXBuildFile; fileRef = A2F1477F1965CCC200A16DC5 /* Foundation.framework */; };
		A2F147A11965CCC200A16DC5 /* UIKit.framework in Frameworks */ = {isa = PBXBuildFile; fileRef = A2F147831965CCC200A16DC5 /* UIKit.framework */; };
		A2F147A91965CCC200A16DC5 /* InfoPlist.strings in Resources */ = {isa = PBXBuildFile; fileRef = A2F147A71965CCC200A16DC5 /* InfoPlist.strings */; };
		A2F147AB1965CCC200A16DC5 /* fitheartSalesforceOauthTests.m in Sources */ = {isa = PBXBuildFile; fileRef = A2F147AA1965CCC200A16DC5 /* fitheartSalesforceOauthTests.m */; };
/* End PBXBuildFile section */

/* Begin PBXContainerItemProxy section */
		A2F147A21965CCC200A16DC5 /* PBXContainerItemProxy */ = {
			isa = PBXContainerItemProxy;
			containerPortal = A2F147741965CCC200A16DC5 /* Project object */;
			proxyType = 1;
			remoteGlobalIDString = A2F1477B1965CCC200A16DC5;
			remoteInfo = fitheartSalesforceOauth;
		};
/* End PBXContainerItemProxy section */

/* Begin PBXFileReference section */
		A2F1477C1965CCC200A16DC5 /* fitheartSalesforceOauth.app */ = {isa = PBXFileReference; explicitFileType = wrapper.application; includeInIndex = 0; path = fitheartSalesforceOauth.app; sourceTree = BUILT_PRODUCTS_DIR; };
		A2F1477F1965CCC200A16DC5 /* Foundation.framework */ = {isa = PBXFileReference; lastKnownFileType = wrapper.framework; name = Foundation.framework; path = System/Library/Frameworks/Foundation.framework; sourceTree = SDKROOT; };
		A2F147811965CCC200A16DC5 /* CoreGraphics.framework */ = {isa = PBXFileReference; lastKnownFileType = wrapper.framework; name = CoreGraphics.framework; path = System/Library/Frameworks/CoreGraphics.framework; sourceTree = SDKROOT; };
		A2F147831965CCC200A16DC5 /* UIKit.framework */ = {isa = PBXFileReference; lastKnownFileType = wrapper.framework; name = UIKit.framework; path = System/Library/Frameworks/UIKit.framework; sourceTree = SDKROOT; };
		A2F147871965CCC200A16DC5 /* fitheartSalesforceOauth-Info.plist */ = {isa = PBXFileReference; lastKnownFileType = text.plist.xml; path = "fitheartSalesforceOauth-Info.plist"; sourceTree = "<group>"; };
		A2F147891965CCC200A16DC5 /* en */ = {isa = PBXFileReference; lastKnownFileType = text.plist.strings; name = en; path = en.lproj/InfoPlist.strings; sourceTree = "<group>"; };
		A2F1478B1965CCC200A16DC5 /* main.m */ = {isa = PBXFileReference; lastKnownFileType = sourcecode.c.objc; path = main.m; sourceTree = "<group>"; };
		A2F1478D1965CCC200A16DC5 /* fitheartSalesforceOauth-Prefix.pch */ = {isa = PBXFileReference; lastKnownFileType = sourcecode.c.h; path = "fitheartSalesforceOauth-Prefix.pch"; sourceTree = "<group>"; };
		A2F1478E1965CCC200A16DC5 /* FitHeartAppDelegate.h */ = {isa = PBXFileReference; lastKnownFileType = sourcecode.c.h; path = FitHeartAppDelegate.h; sourceTree = "<group>"; };
		A2F1478F1965CCC200A16DC5 /* FitHeartAppDelegate.m */ = {isa = PBXFileReference; lastKnownFileType = sourcecode.c.objc; path = FitHeartAppDelegate.m; sourceTree = "<group>"; };
		A2F147921965CCC200A16DC5 /* Base */ = {isa = PBXFileReference; lastKnownFileType = file.storyboard; name = Base; path = Base.lproj/Main.storyboard; sourceTree = "<group>"; };
		A2F147941965CCC200A16DC5 /* FitHeartViewController.h */ = {isa = PBXFileReference; lastKnownFileType = sourcecode.c.h; path = FitHeartViewController.h; sourceTree = "<group>"; };
		A2F147951965CCC200A16DC5 /* FitHeartViewController.m */ = {isa = PBXFileReference; lastKnownFileType = sourcecode.c.objc; path = FitHeartViewController.m; sourceTree = "<group>"; };
		A2F147971965CCC200A16DC5 /* Images.xcassets */ = {isa = PBXFileReference; lastKnownFileType = folder.assetcatalog; path = Images.xcassets; sourceTree = "<group>"; };
		A2F1479D1965CCC200A16DC5 /* fitheartSalesforceOauthTests.xctest */ = {isa = PBXFileReference; explicitFileType = wrapper.cfbundle; includeInIndex = 0; path = fitheartSalesforceOauthTests.xctest; sourceTree = BUILT_PRODUCTS_DIR; };
		A2F1479E1965CCC200A16DC5 /* XCTest.framework */ = {isa = PBXFileReference; lastKnownFileType = wrapper.framework; name = XCTest.framework; path = Library/Frameworks/XCTest.framework; sourceTree = DEVELOPER_DIR; };
		A2F147A61965CCC200A16DC5 /* fitheartSalesforceOauthTests-Info.plist */ = {isa = PBXFileReference; lastKnownFileType = text.plist.xml; path = "fitheartSalesforceOauthTests-Info.plist"; sourceTree = "<group>"; };
		A2F147A81965CCC200A16DC5 /* en */ = {isa = PBXFileReference; lastKnownFileType = text.plist.strings; name = en; path = en.lproj/InfoPlist.strings; sourceTree = "<group>"; };
		A2F147AA1965CCC200A16DC5 /* fitheartSalesforceOauthTests.m */ = {isa = PBXFileReference; lastKnownFileType = sourcecode.c.objc; path = fitheartSalesforceOauthTests.m; sourceTree = "<group>"; };
/* End PBXFileReference section */

/* Begin PBXFrameworksBuildPhase section */
		A2F147791965CCC200A16DC5 /* Frameworks */ = {
			isa = PBXFrameworksBuildPhase;
			buildActionMask = 2147483647;
			files = (
				A2F147821965CCC200A16DC5 /* CoreGraphics.framework in Frameworks */,
				A2F147841965CCC200A16DC5 /* UIKit.framework in Frameworks */,
				A2F147801965CCC200A16DC5 /* Foundation.framework in Frameworks */,
			);
			runOnlyForDeploymentPostprocessing = 0;
		};
		A2F1479A1965CCC200A16DC5 /* Frameworks */ = {
			isa = PBXFrameworksBuildPhase;
			buildActionMask = 2147483647;
			files = (
				A2F1479F1965CCC200A16DC5 /* XCTest.framework in Frameworks */,
				A2F147A11965CCC200A16DC5 /* UIKit.framework in Frameworks */,
				A2F147A01965CCC200A16DC5 /* Foundation.framework in Frameworks */,
			);
			runOnlyForDeploymentPostprocessing = 0;
		};
/* End PBXFrameworksBuildPhase section */

/* Begin PBXGroup section */
		A2F147731965CCC200A16DC5 = {
			isa = PBXGroup;
			children = (
				A2F147851965CCC200A16DC5 /* fitheartSalesforceOauth */,
				A2F147A41965CCC200A16DC5 /* fitheartSalesforceOauthTests */,
				A2F1477E1965CCC200A16DC5 /* Frameworks */,
				A2F1477D1965CCC200A16DC5 /* Products */,
			);
			sourceTree = "<group>";
		};
		A2F1477D1965CCC200A16DC5 /* Products */ = {
			isa = PBXGroup;
			children = (
				A2F1477C1965CCC200A16DC5 /* fitheartSalesforceOauth.app */,
				A2F1479D1965CCC200A16DC5 /* fitheartSalesforceOauthTests.xctest */,
			);
			name = Products;
			sourceTree = "<group>";
		};
		A2F1477E1965CCC200A16DC5 /* Frameworks */ = {
			isa = PBXGroup;
			children = (
				A2F1477F1965CCC200A16DC5 /* Foundation.framework */,
				A2F147811965CCC200A16DC5 /* CoreGraphics.framework */,
				A2F147831965CCC200A16DC5 /* UIKit.framework */,
				A2F1479E1965CCC200A16DC5 /* XCTest.framework */,
			);
			name = Frameworks;
			sourceTree = "<group>";
		};
		A2F147851965CCC200A16DC5 /* fitheartSalesforceOauth */ = {
			isa = PBXGroup;
			children = (
				A2F1478E1965CCC200A16DC5 /* FitHeartAppDelegate.h */,
				A2F1478F1965CCC200A16DC5 /* FitHeartAppDelegate.m */,
				A2F147911965CCC200A16DC5 /* Main.storyboard */,
				A2F147941965CCC200A16DC5 /* FitHeartViewController.h */,
				A2F147951965CCC200A16DC5 /* FitHeartViewController.m */,
				A2F147971965CCC200A16DC5 /* Images.xcassets */,
				A2F147861965CCC200A16DC5 /* Supporting Files */,
			);
			path = fitheartSalesforceOauth;
			sourceTree = "<group>";
		};
		A2F147861965CCC200A16DC5 /* Supporting Files */ = {
			isa = PBXGroup;
			children = (
				A2F147871965CCC200A16DC5 /* fitheartSalesforceOauth-Info.plist */,
				A2F147881965CCC200A16DC5 /* InfoPlist.strings */,
				A2F1478B1965CCC200A16DC5 /* main.m */,
				A2F1478D1965CCC200A16DC5 /* fitheartSalesforceOauth-Prefix.pch */,
			);
			name = "Supporting Files";
			sourceTree = "<group>";
		};
		A2F147A41965CCC200A16DC5 /* fitheartSalesforceOauthTests */ = {
			isa = PBXGroup;
			children = (
				A2F147AA1965CCC200A16DC5 /* fitheartSalesforceOauthTests.m */,
				A2F147A51965CCC200A16DC5 /* Supporting Files */,
			);
			path = fitheartSalesforceOauthTests;
			sourceTree = "<group>";
		};
		A2F147A51965CCC200A16DC5 /* Supporting Files */ = {
			isa = PBXGroup;
			children = (
				A2F147A61965CCC200A16DC5 /* fitheartSalesforceOauthTests-Info.plist */,
				A2F147A71965CCC200A16DC5 /* InfoPlist.strings */,
			);
			name = "Supporting Files";
			sourceTree = "<group>";
		};
/* End PBXGroup section */

/* Begin PBXNativeTarget section */
		A2F1477B1965CCC200A16DC5 /* fitheartSalesforceOauth */ = {
			isa = PBXNativeTarget;
			buildConfigurationList = A2F147AE1965CCC200A16DC5 /* Build configuration list for PBXNativeTarget "fitheartSalesforceOauth" */;
			buildPhases = (
				A2F147781965CCC200A16DC5 /* Sources */,
				A2F147791965CCC200A16DC5 /* Frameworks */,
				A2F1477A1965CCC200A16DC5 /* Resources */,
			);
			buildRules = (
			);
			dependencies = (
			);
			name = fitheartSalesforceOauth;
			productName = fitheartSalesforceOauth;
			productReference = A2F1477C1965CCC200A16DC5 /* fitheartSalesforceOauth.app */;
			productType = "com.apple.product-type.application";
		};
		A2F1479C1965CCC200A16DC5 /* fitheartSalesforceOauthTests */ = {
			isa = PBXNativeTarget;
			buildConfigurationList = A2F147B11965CCC200A16DC5 /* Build configuration list for PBXNativeTarget "fitheartSalesforceOauthTests" */;
			buildPhases = (
				A2F147991965CCC200A16DC5 /* Sources */,
				A2F1479A1965CCC200A16DC5 /* Frameworks */,
				A2F1479B1965CCC200A16DC5 /* Resources */,
			);
			buildRules = (
			);
			dependencies = (
				A2F147A31965CCC200A16DC5 /* PBXTargetDependency */,
			);
			name = fitheartSalesforceOauthTests;
			productName = fitheartSalesforceOauthTests;
			productReference = A2F1479D1965CCC200A16DC5 /* fitheartSalesforceOauthTests.xctest */;
			productType = "com.apple.product-type.bundle.unit-test";
		};
/* End PBXNativeTarget section */

/* Begin PBXProject section */
		A2F147741965CCC200A16DC5 /* Project object */ = {
			isa = PBXProject;
			attributes = {
				CLASSPREFIX = FitHeart;
				LastUpgradeCheck = 0510;
				ORGANIZATIONNAME = grivero;
				TargetAttributes = {
					A2F1479C1965CCC200A16DC5 = {
						TestTargetID = A2F1477B1965CCC200A16DC5;
					};
				};
			};
			buildConfigurationList = A2F147771965CCC200A16DC5 /* Build configuration list for PBXProject "fitheartSalesforceOauth" */;
			compatibilityVersion = "Xcode 3.2";
			developmentRegion = English;
			hasScannedForEncodings = 0;
			knownRegions = (
				en,
				Base,
			);
			mainGroup = A2F147731965CCC200A16DC5;
			productRefGroup = A2F1477D1965CCC200A16DC5 /* Products */;
			projectDirPath = "";
			projectRoot = "";
			targets = (
				A2F1477B1965CCC200A16DC5 /* fitheartSalesforceOauth */,
				A2F1479C1965CCC200A16DC5 /* fitheartSalesforceOauthTests */,
			);
		};
/* End PBXProject section */

/* Begin PBXResourcesBuildPhase section */
		A2F1477A1965CCC200A16DC5 /* Resources */ = {
			isa = PBXResourcesBuildPhase;
			buildActionMask = 2147483647;
			files = (
				A2F147981965CCC200A16DC5 /* Images.xcassets in Resources */,
				A2F1478A1965CCC200A16DC5 /* InfoPlist.strings in Resources */,
				A2F147931965CCC200A16DC5 /* Main.storyboard in Resources */,
			);
			runOnlyForDeploymentPostprocessing = 0;
		};
		A2F1479B1965CCC200A16DC5 /* Resources */ = {
			isa = PBXResourcesBuildPhase;
			buildActionMask = 2147483647;
			files = (
				A2F147A91965CCC200A16DC5 /* InfoPlist.strings in Resources */,
			);
			runOnlyForDeploymentPostprocessing = 0;
		};
/* End PBXResourcesBuildPhase section */

/* Begin PBXSourcesBuildPhase section */
		A2F147781965CCC200A16DC5 /* Sources */ = {
			isa = PBXSourcesBuildPhase;
			buildActionMask = 2147483647;
			files = (
				A2F147961965CCC200A16DC5 /* FitHeartViewController.m in Sources */,
				A2F1478C1965CCC200A16DC5 /* main.m in Sources */,
				A2F147901965CCC200A16DC5 /* FitHeartAppDelegate.m in Sources */,
			);
			runOnlyForDeploymentPostprocessing = 0;
		};
		A2F147991965CCC200A16DC5 /* Sources */ = {
			isa = PBXSourcesBuildPhase;
			buildActionMask = 2147483647;
			files = (
				A2F147AB1965CCC200A16DC5 /* fitheartSalesforceOauthTests.m in Sources */,
			);
			runOnlyForDeploymentPostprocessing = 0;
		};
/* End PBXSourcesBuildPhase section */

/* Begin PBXTargetDependency section */
		A2F147A31965CCC200A16DC5 /* PBXTargetDependency */ = {
			isa = PBXTargetDependency;
			target = A2F1477B1965CCC200A16DC5 /* fitheartSalesforceOauth */;
			targetProxy = A2F147A21965CCC200A16DC5 /* PBXContainerItemProxy */;
		};
/* End PBXTargetDependency section */

/* Begin PBXVariantGroup section */
		A2F147881965CCC200A16DC5 /* InfoPlist.strings */ = {
			isa = PBXVariantGroup;
			children = (
				A2F147891965CCC200A16DC5 /* en */,
			);
			name = InfoPlist.strings;
			sourceTree = "<group>";
		};
		A2F147911965CCC200A16DC5 /* Main.storyboard */ = {
			isa = PBXVariantGroup;
			children = (
				A2F147921965CCC200A16DC5 /* Base */,
			);
			name = Main.storyboard;
			sourceTree = "<group>";
		};
		A2F147A71965CCC200A16DC5 /* InfoPlist.strings */ = {
			isa = PBXVariantGroup;
			children = (
				A2F147A81965CCC200A16DC5 /* en */,
			);
			name = InfoPlist.strings;
			sourceTree = "<group>";
		};
/* End PBXVariantGroup section */

/* Begin XCBuildConfiguration section */
		A2F147AC1965CCC200A16DC5 /* Debug */ = {
			isa = XCBuildConfiguration;
			buildSettings = {
				ALWAYS_SEARCH_USER_PATHS = NO;
				CLANG_CXX_LANGUAGE_STANDARD = "gnu++0x";
				CLANG_CXX_LIBRARY = "libc++";
				CLANG_ENABLE_MODULES = YES;
				CLANG_ENABLE_OBJC_ARC = YES;
				CLANG_WARN_BOOL_CONVERSION = YES;
				CLANG_WARN_CONSTANT_CONVERSION = YES;
				CLANG_WARN_DIRECT_OBJC_ISA_USAGE = YES_ERROR;
				CLANG_WARN_EMPTY_BODY = YES;
				CLANG_WARN_ENUM_CONVERSION = YES;
				CLANG_WARN_INT_CONVERSION = YES;
				CLANG_WARN_OBJC_ROOT_CLASS = YES_ERROR;
				CLANG_WARN__DUPLICATE_METHOD_MATCH = YES;
				"CODE_SIGN_IDENTITY[sdk=iphoneos*]" = "iPhone Developer";
				COPY_PHASE_STRIP = NO;
				GCC_C_LANGUAGE_STANDARD = gnu99;
				GCC_DYNAMIC_NO_PIC = NO;
				GCC_OPTIMIZATION_LEVEL = 0;
				GCC_PREPROCESSOR_DEFINITIONS = (
					"DEBUG=1",
					"$(inherited)",
				);
				GCC_SYMBOLS_PRIVATE_EXTERN = NO;
				GCC_WARN_64_TO_32_BIT_CONVERSION = YES;
				GCC_WARN_ABOUT_RETURN_TYPE = YES_ERROR;
				GCC_WARN_UNDECLARED_SELECTOR = YES;
				GCC_WARN_UNINITIALIZED_AUTOS = YES_AGGRESSIVE;
				GCC_WARN_UNUSED_FUNCTION = YES;
				GCC_WARN_UNUSED_VARIABLE = YES;
				IPHONEOS_DEPLOYMENT_TARGET = 7.1;
				ONLY_ACTIVE_ARCH = YES;
				SDKROOT = iphoneos;
			};
			name = Debug;
		};
		A2F147AD1965CCC200A16DC5 /* Release */ = {
			isa = XCBuildConfiguration;
			buildSettings = {
				ALWAYS_SEARCH_USER_PATHS = NO;
				CLANG_CXX_LANGUAGE_STANDARD = "gnu++0x";
				CLANG_CXX_LIBRARY = "libc++";
				CLANG_ENABLE_MODULES = YES;
				CLANG_ENABLE_OBJC_ARC = YES;
				CLANG_WARN_BOOL_CONVERSION = YES;
				CLANG_WARN_CONSTANT_CONVERSION = YES;
				CLANG_WARN_DIRECT_OBJC_ISA_USAGE = YES_ERROR;
				CLANG_WARN_EMPTY_BODY = YES;
				CLANG_WARN_ENUM_CONVERSION = YES;
				CLANG_WARN_INT_CONVERSION = YES;
				CLANG_WARN_OBJC_ROOT_CLASS = YES_ERROR;
				CLANG_WARN__DUPLICATE_METHOD_MATCH = YES;
				"CODE_SIGN_IDENTITY[sdk=iphoneos*]" = "iPhone Developer";
				COPY_PHASE_STRIP = YES;
				ENABLE_NS_ASSERTIONS = NO;
				GCC_C_LANGUAGE_STANDARD = gnu99;
				GCC_WARN_64_TO_32_BIT_CONVERSION = YES;
				GCC_WARN_ABOUT_RETURN_TYPE = YES_ERROR;
				GCC_WARN_UNDECLARED_SELECTOR = YES;
				GCC_WARN_UNINITIALIZED_AUTOS = YES_AGGRESSIVE;
				GCC_WARN_UNUSED_FUNCTION = YES;
				GCC_WARN_UNUSED_VARIABLE = YES;
				IPHONEOS_DEPLOYMENT_TARGET = 7.1;
				SDKROOT = iphoneos;
				VALIDATE_PRODUCT = YES;
			};
			name = Release;
		};
		A2F147AF1965CCC200A16DC5 /* Debug */ = {
			isa = XCBuildConfiguration;
			buildSettings = {
				ASSETCATALOG_COMPILER_APPICON_NAME = AppIcon;
				ASSETCATALOG_COMPILER_LAUNCHIMAGE_NAME = LaunchImage;
				GCC_PRECOMPILE_PREFIX_HEADER = YES;
				GCC_PREFIX_HEADER = "fitheartSalesforceOauth/fitheartSalesforceOauth-Prefix.pch";
				INFOPLIST_FILE = "fitheartSalesforceOauth/fitheartSalesforceOauth-Info.plist";
				PRODUCT_NAME = "$(TARGET_NAME)";
				WRAPPER_EXTENSION = app;
			};
			name = Debug;
		};
		A2F147B01965CCC200A16DC5 /* Release */ = {
			isa = XCBuildConfiguration;
			buildSettings = {
				ASSETCATALOG_COMPILER_APPICON_NAME = AppIcon;
				ASSETCATALOG_COMPILER_LAUNCHIMAGE_NAME = LaunchImage;
				GCC_PRECOMPILE_PREFIX_HEADER = YES;
				GCC_PREFIX_HEADER = "fitheartSalesforceOauth/fitheartSalesforceOauth-Prefix.pch";
				INFOPLIST_FILE = "fitheartSalesforceOauth/fitheartSalesforceOauth-Info.plist";
				PRODUCT_NAME = "$(TARGET_NAME)";
				WRAPPER_EXTENSION = app;
			};
			name = Release;
		};
		A2F147B21965CCC200A16DC5 /* Debug */ = {
			isa = XCBuildConfiguration;
			buildSettings = {
				BUNDLE_LOADER = "$(BUILT_PRODUCTS_DIR)/fitheartSalesforceOauth.app/fitheartSalesforceOauth";
				FRAMEWORK_SEARCH_PATHS = (
					"$(SDKROOT)/Developer/Library/Frameworks",
					"$(inherited)",
					"$(DEVELOPER_FRAMEWORKS_DIR)",
				);
				GCC_PRECOMPILE_PREFIX_HEADER = YES;
				GCC_PREFIX_HEADER = "fitheartSalesforceOauth/fitheartSalesforceOauth-Prefix.pch";
				GCC_PREPROCESSOR_DEFINITIONS = (
					"DEBUG=1",
					"$(inherited)",
				);
				INFOPLIST_FILE = "fitheartSalesforceOauthTests/fitheartSalesforceOauthTests-Info.plist";
				PRODUCT_NAME = "$(TARGET_NAME)";
				TEST_HOST = "$(BUNDLE_LOADER)";
				WRAPPER_EXTENSION = xctest;
			};
			name = Debug;
		};
		A2F147B31965CCC200A16DC5 /* Release */ = {
			isa = XCBuildConfiguration;
			buildSettings = {
				BUNDLE_LOADER = "$(BUILT_PRODUCTS_DIR)/fitheartSalesforceOauth.app/fitheartSalesforceOauth";
				FRAMEWORK_SEARCH_PATHS = (
					"$(SDKROOT)/Developer/Library/Frameworks",
					"$(inherited)",
					"$(DEVELOPER_FRAMEWORKS_DIR)",
				);
				GCC_PRECOMPILE_PREFIX_HEADER = YES;
				GCC_PREFIX_HEADER = "fitheartSalesforceOauth/fitheartSalesforceOauth-Prefix.pch";
				INFOPLIST_FILE = "fitheartSalesforceOauthTests/fitheartSalesforceOauthTests-Info.plist";
				PRODUCT_NAME = "$(TARGET_NAME)";
				TEST_HOST = "$(BUNDLE_LOADER)";
				WRAPPER_EXTENSION = xctest;
			};
			name = Release;
		};
/* End XCBuildConfiguration section */

/* Begin XCConfigurationList section */
		A2F147771965CCC200A16DC5 /* Build configuration list for PBXProject "fitheartSalesforceOauth" */ = {
			isa = XCConfigurationList;
			buildConfigurations = (
				A2F147AC1965CCC200A16DC5 /* Debug */,
				A2F147AD1965CCC200A16DC5 /* Release */,
			);
			defaultConfigurationIsVisible = 0;
			defaultConfigurationName = Release;
		};
		A2F147AE1965CCC200A16DC5 /* Build configuration list for PBXNativeTarget "fitheartSalesforceOauth" */ = {
			isa = XCConfigurationList;
			buildConfigurations = (
				A2F147AF1965CCC200A16DC5 /* Debug */,
				A2F147B01965CCC200A16DC5 /* Release */,
			);
			defaultConfigurationIsVisible = 0;
		};
		A2F147B11965CCC200A16DC5 /* Build configuration list for PBXNativeTarget "fitheartSalesforceOauthTests" */ = {
			isa = XCConfigurationList;
			buildConfigurations = (
				A2F147B21965CCC200A16DC5 /* Debug */,
				A2F147B31965CCC200A16DC5 /* Release */,
			);
			defaultConfigurationIsVisible = 0;
		};
/* End XCConfigurationList section */
	};
	rootObject = A2F147741965CCC200A16DC5 /* Project object */;
}
